
Microsoft Visual Studio Solution File, Format Version 12.00
# Visual Studio Version 16
VisualStudioVersion = 16.0.31112.23
MinimumVisualStudioVersion = 10.0.40219.1
Project("{9A19103F-16F7-4668-BE54-9A1E7A4F7556}") = "HowMuchItCost.API", "HowMuchItCost\HowMuchItCost.API.csproj", "{9E427F51-8237-4949-84BF-90E113D6F389}"
EndProject
Global
	GlobalSection(SolutionConfigurationPlatforms) = preSolution
		Debug|Any CPU = Debug|Any CPU
		Release|Any CPU = Release|Any CPU
	EndGlobalSection
	GlobalSection(ProjectConfigurationPlatforms) = postSolution
		{9E427F51-8237-4949-84BF-90E113D6F389}.Debug|Any CPU.ActiveCfg = Debug|Any CPU
		{9E427F51-8237-4949-84BF-90E113D6F389}.Debug|Any CPU.Build.0 = Debug|Any CPU
		{9E427F51-8237-4949-84BF-90E113D6F389}.Release|Any CPU.ActiveCfg = Release|Any CPU
		{9E427F51-8237-4949-84BF-90E113D6F389}.Release|Any CPU.Build.0 = Release|Any CPU
	EndGlobalSection
	GlobalSection(SolutionProperties) = preSolution
		HideSolutionNode = FALSE
	EndGlobalSection
	GlobalSection(ExtensibilityGlobals) = postSolution
		SolutionGuid = {1D855108-5909-4CE8-816D-953BA34FD84C}
	EndGlobalSection
EndGlobal
